
Microsoft Visual Studio Solution File, Format Version 12.00
# Visual Studio Version 17
VisualStudioVersion = 17.6.33717.318
MinimumVisualStudioVersion = 10.0.40219.1
Project("{FAE04EC0-301F-11D3-BF4B-00C04F79EFBC}") = "ventadearticulo", "ventadearticulo\ventadearticulo.csproj", "{72A984D7-541D-455C-89B3-B404873255CA}"
EndProject
Global
	GlobalSection(SolutionConfigurationPlatforms) = preSolution
		Debug|Any CPU = Debug|Any CPU
		Release|Any CPU = Release|Any CPU
	EndGlobalSection
	GlobalSection(ProjectConfigurationPlatforms) = postSolution
		{72A984D7-541D-455C-89B3-B404873255CA}.Debug|Any CPU.ActiveCfg = Debug|Any CPU
		{72A984D7-541D-455C-89B3-B404873255CA}.Debug|Any CPU.Build.0 = Debug|Any CPU
		{72A984D7-541D-455C-89B3-B404873255CA}.Release|Any CPU.ActiveCfg = Release|Any CPU
		{72A984D7-541D-455C-89B3-B404873255CA}.Release|Any CPU.Build.0 = Release|Any CPU
	EndGlobalSection
	GlobalSection(SolutionProperties) = preSolution
		HideSolutionNode = FALSE
	EndGlobalSection
	GlobalSection(ExtensibilityGlobals) = postSolution
		SolutionGuid = {528EA266-E70F-4549-924E-0317B94948E7}
	EndGlobalSection
EndGlobal
